# This file is generated by running "yarn install" inside your project.
# Manual changes might be lost - proceed with caution!

__metadata:
  version: 8
  cacheKey: 10c0

"@types/node@npm:*, @types/node@npm:^22.13.4":
  version: 22.13.4
  resolution: "@types/node@npm:22.13.4"
  dependencies:
    undici-types: "npm:~6.20.0"
  checksum: 10c0/3a234fa7766a3efc382cf81f66f474c26cdab2f54f43f757634c81c0444eb2160c2dabbde9741e4983078a318a88515b65416b5f1ab5478548579d7b3ead1d95
  languageName: node
  linkType: hard

"@types/prompts@npm:^2.4.9":
  version: 2.4.9
  resolution: "@types/prompts@npm:2.4.9"
  dependencies:
    "@types/node": "npm:*"
    kleur: "npm:^3.0.3"
  checksum: 10c0/22fe0da6807681c85e88ba283184f4be4c8a95c744ea12a638865c98c4e0c22e7f733542f6b0f1fbca02245cdc3fe84feacf9c9adf4ddd8bc98a337fd679d8d2
  languageName: node
  linkType: hard

"@types/zxcvbn@npm:^4.4.5":
  version: 4.4.5
  resolution: "@types/zxcvbn@npm:4.4.5"
  checksum: 10c0/b0f2f8a310de61860d66ee24964e9746cadcc166f3b44df384147ebddab186555bef701dcba0a47d04bc80dfa47d5de15f2a08e0abd713fe3a77304342ae68a8
  languageName: node
  linkType: hard

"commander@npm:^13.1.0":
  version: 13.1.0
  resolution: "commander@npm:13.1.0"
  checksum: 10c0/7b8c5544bba704fbe84b7cab2e043df8586d5c114a4c5b607f83ae5060708940ed0b5bd5838cf8ce27539cde265c1cbd59ce3c8c6b017ed3eec8943e3a415164
  languageName: node
  linkType: hard

"kleur@npm:^3.0.3":
  version: 3.0.3
  resolution: "kleur@npm:3.0.3"
  checksum: 10c0/cd3a0b8878e7d6d3799e54340efe3591ca787d9f95f109f28129bdd2915e37807bf8918bb295ab86afb8c82196beec5a1adcaf29042ce3f2bd932b038fe3aa4b
  languageName: node
  linkType: hard

"passphrase-gen@workspace:.":
  version: 0.0.0-use.local
  resolution: "passphrase-gen@workspace:."
  dependencies:
    "@types/node": "npm:^22.13.4"
    "@types/prompts": "npm:^2.4.9"
    "@types/zxcvbn": "npm:^4.4.5"
    commander: "npm:^13.1.0"
    prettier: "npm:^3.5.1"
    prompts: "npm:^2.4.2"
    zxcvbn: "npm:^4.4.2"
  bin:
    passphrase-gen: ./src/index.ts
  languageName: unknown
  linkType: soft

"prettier@npm:^3.5.1":
  version: 3.5.1
  resolution: "prettier@npm:3.5.1"
  bin:
    prettier: bin/prettier.cjs
  checksum: 10c0/9f6f810eae455d6e4213845151a484a2338f2e0d6a8b84ee8e13a83af8a2421ef6c1e31e61e4b135671fb57b9541f6624648880cc2061ac803e243ac898c0123
  languageName: node
  linkType: hard

"prompts@npm:^2.4.2":
  version: 2.4.2
  resolution: "prompts@npm:2.4.2"
  dependencies:
    kleur: "npm:^3.0.3"
    sisteransi: "npm:^1.0.5"
  checksum: 10c0/16f1ac2977b19fe2cf53f8411cc98db7a3c8b115c479b2ca5c82b5527cd937aa405fa04f9a5960abeb9daef53191b53b4d13e35c1f5d50e8718c76917c5f1ea4
  languageName: node
  linkType: hard

"sisteransi@npm:^1.0.5":
  version: 1.0.5
  resolution: "sisteransi@npm:1.0.5"
  checksum: 10c0/230ac975cca485b7f6fe2b96a711aa62a6a26ead3e6fb8ba17c5a00d61b8bed0d7adc21f5626b70d7c33c62ff4e63933017a6462942c719d1980bb0b1207ad46
  languageName: node
  linkType: hard

"undici-types@npm:~6.20.0":
  version: 6.20.0
  resolution: "undici-types@npm:6.20.0"
  checksum: 10c0/68e659a98898d6a836a9a59e6adf14a5d799707f5ea629433e025ac90d239f75e408e2e5ff086afc3cace26f8b26ee52155293564593fbb4a2f666af57fc59bf
  languageName: node
  linkType: hard

"zxcvbn@npm:^4.4.2":
  version: 4.4.2
  resolution: "zxcvbn@npm:4.4.2"
  checksum: 10c0/862f101cc95247b30290bad67ade333e430a16763bb771ce4e4c5414396d987f9a64288225675c96bd6f8d3eba65da0dee119b2a4eaa2e249da3f540b036942e
  languageName: node
  linkType: hard
